
Microsoft Visual Studio Solution File, Format Version 12.00
# Visual Studio 2015
Project("{FAE04EC0-301F-11D3-BF4B-00C04F79EFBC}") = "LittleFarmerColt.Plugins", "LittleFarmerColt.Plugins.csproj", "{65B0C568-1DD2-9CAE-8A49-206134D333EA}"
EndProject
Project("{FAE04EC0-301F-11D3-BF4B-00C04F79EFBC}") = "LittleFarmerColt", "LittleFarmerColt.csproj", "{9176B337-B0FC-94DF-B332-A0BBDDCD2BD5}"
EndProject
Project("{FAE04EC0-301F-11D3-BF4B-00C04F79EFBC}") = "LittleFarmerColt.Editor", "LittleFarmerColt.Editor.csproj", "{A2BD25E7-0D23-EF58-C405-9432FBC06CAD}"
EndProject
Global
	GlobalSection(SolutionConfigurationPlatforms) = preSolution
		Debug|Any CPU = Debug|Any CPU
		Release|Any CPU = Release|Any CPU
	EndGlobalSection
	GlobalSection(ProjectConfigurationPlatforms) = postSolution
		{65B0C568-1DD2-9CAE-8A49-206134D333EA}.Debug|Any CPU.ActiveCfg = Debug|Any CPU
		{65B0C568-1DD2-9CAE-8A49-206134D333EA}.Debug|Any CPU.Build.0 = Debug|Any CPU
		{65B0C568-1DD2-9CAE-8A49-206134D333EA}.Release|Any CPU.ActiveCfg = Release|Any CPU
		{65B0C568-1DD2-9CAE-8A49-206134D333EA}.Release|Any CPU.Build.0 = Release|Any CPU
		{9176B337-B0FC-94DF-B332-A0BBDDCD2BD5}.Debug|Any CPU.ActiveCfg = Debug|Any CPU
		{9176B337-B0FC-94DF-B332-A0BBDDCD2BD5}.Debug|Any CPU.Build.0 = Debug|Any CPU
		{9176B337-B0FC-94DF-B332-A0BBDDCD2BD5}.Release|Any CPU.ActiveCfg = Release|Any CPU
		{9176B337-B0FC-94DF-B332-A0BBDDCD2BD5}.Release|Any CPU.Build.0 = Release|Any CPU
		{A2BD25E7-0D23-EF58-C405-9432FBC06CAD}.Debug|Any CPU.ActiveCfg = Debug|Any CPU
		{A2BD25E7-0D23-EF58-C405-9432FBC06CAD}.Debug|Any CPU.Build.0 = Debug|Any CPU
		{A2BD25E7-0D23-EF58-C405-9432FBC06CAD}.Release|Any CPU.ActiveCfg = Release|Any CPU
		{A2BD25E7-0D23-EF58-C405-9432FBC06CAD}.Release|Any CPU.Build.0 = Release|Any CPU
	EndGlobalSection
	GlobalSection(SolutionProperties) = preSolution
		HideSolutionNode = FALSE
	EndGlobalSection
EndGlobal
